// !$*UTF8*$!
{
	archiveVersion = 1;
	classes = {
	};
	objectVersion = 46;
	objects = {

/* Begin PBXBuildFile section */
		92B4B8811DBE1D1A00FB8AAC /* AppDelegate.swift in Sources */ = {isa = PBXBuildFile; fileRef = 92B4B8801DBE1D1A00FB8AAC /* AppDelegate.swift */; };
		92B4B8831DBE1D1A00FB8AAC /* ViewController.swift in Sources */ = {isa = PBXBuildFile; fileRef = 92B4B8821DBE1D1A00FB8AAC /* ViewController.swift */; };
		92B4B8861DBE1D1A00FB8AAC /* Main.storyboard in Resources */ = {isa = PBXBuildFile; fileRef = 92B4B8841DBE1D1A00FB8AAC /* Main.storyboard */; };
		92B4B8881DBE1D1A00FB8AAC /* Assets.xcassets in Resources */ = {isa = PBXBuildFile; fileRef = 92B4B8871DBE1D1A00FB8AAC /* Assets.xcassets */; };
		92B4B88B1DBE1D1A00FB8AAC /* LaunchScreen.storyboard in Resources */ = {isa = PBXBuildFile; fileRef = 92B4B8891DBE1D1A00FB8AAC /* LaunchScreen.storyboard */; };
/* End PBXBuildFile section */

/* Begin PBXFileReference section */
		92B4B87D1DBE1D1A00FB8AAC /* PropertyListDemo.app */ = {isa = PBXFileReference; explicitFileType = wrapper.application; includeInIndex = 0; path = PropertyListDemo.app; sourceTree = BUILT_PRODUCTS_DIR; };
		92B4B8801DBE1D1A00FB8AAC /* AppDelegate.swift */ = {isa = PBXFileReference; lastKnownFileType = sourcecode.swift; path = AppDelegate.swift; sourceTree = "<group>"; };
		92B4B8821DBE1D1A00FB8AAC /* ViewController.swift */ = {isa = PBXFileReference; lastKnownFileType = sourcecode.swift; path = ViewController.swift; sourceTree = "<group>"; };
		92B4B8851DBE1D1A00FB8AAC /* Base */ = {isa = PBXFileReference; lastKnownFileType = file.storyboard; name = Base; path = Base.lproj/Main.storyboard; sourceTree = "<group>"; };
		92B4B8871DBE1D1A00FB8AAC /* Assets.xcassets */ = {isa = PBXFileReference; lastKnownFileType = folder.assetcatalog; path = Assets.xcassets; sourceTree = "<group>"; };
		92B4B88A1DBE1D1A00FB8AAC /* Base */ = {isa = PBXFileReference; lastKnownFileType = file.storyboard; name = Base; path = Base.lproj/LaunchScreen.storyboard; sourceTree = "<group>"; };
		92B4B88C1DBE1D1A00FB8AAC /* Info.plist */ = {isa = PBXFileReference; lastKnownFileType = text.plist.xml; path = Info.plist; sourceTree = "<group>"; };
/* End PBXFileReference section */

/* Begin PBXFrameworksBuildPhase section */
		92B4B87A1DBE1D1A00FB8AAC /* Frameworks */ = {
			isa = PBXFrameworksBuildPhase;
			buildActionMask = 2147483647;
			files = (
			);
			runOnlyForDeploymentPostprocessing = 0;
		};
/* End PBXFrameworksBuildPhase section */

/* Begin PBXGroup section */
		92B4B8741DBE1D1A00FB8AAC = {
			isa = PBXGroup;
			children = (
				92B4B87F1DBE1D1A00FB8AAC /* PropertyListDemo */,
				92B4B87E1DBE1D1A00FB8AAC /* Products */,
			);
			sourceTree = "<group>";
		};
		92B4B87E1DBE1D1A00FB8AAC /* Products */ = {
			isa = PBXGroup;
			children = (
				92B4B87D1DBE1D1A00FB8AAC /* PropertyListDemo.app */,
			);
			name = Products;
			sourceTree = "<group>";
		};
		92B4B87F1DBE1D1A00FB8AAC /* PropertyListDemo */ = {
			isa = PBXGroup;
			children = (
				92B4B8801DBE1D1A00FB8AAC /* AppDelegate.swift */,
				92B4B8821DBE1D1A00FB8AAC /* ViewController.swift */,
				92B4B8841DBE1D1A00FB8AAC /* Main.storyboard */,
				92B4B8871DBE1D1A00FB8AAC /* Assets.xcassets */,
				92B4B8891DBE1D1A00FB8AAC /* LaunchScreen.storyboard */,
				92B4B88C1DBE1D1A00FB8AAC /* Info.plist */,
			);
			path = PropertyListDemo;
			sourceTree = "<group>";
		};
/* End PBXGroup section */

/* Begin PBXNativeTarget section */
		92B4B87C1DBE1D1A00FB8AAC /* PropertyListDemo */ = {
			isa = PBXNativeTarget;
			buildConfigurationList = 92B4B88F1DBE1D1A00FB8AAC /* Build configuration list for PBXNativeTarget "PropertyListDemo" */;
			buildPhases = (
				92B4B8791DBE1D1A00FB8AAC /* Sources */,
				92B4B87A1DBE1D1A00FB8AAC /* Frameworks */,
				92B4B87B1DBE1D1A00FB8AAC /* Resources */,
			);
			buildRules = (
			);
			dependencies = (
			);
			name = PropertyListDemo;
			productName = PropertyListDemo;
			productReference = 92B4B87D1DBE1D1A00FB8AAC /* PropertyListDemo.app */;
			productType = "com.apple.product-type.application";
		};
/* End PBXNativeTarget section */

/* Begin PBXProject section */
		92B4B8751DBE1D1A00FB8AAC /* Project object */ = {
			isa = PBXProject;
			attributes = {
				LastSwiftUpdateCheck = 0800;
				LastUpgradeCheck = 0800;
				ORGANIZATIONNAME = "KIS AGH";
				TargetAttributes = {
					92B4B87C1DBE1D1A00FB8AAC = {
						CreatedOnToolsVersion = 8.0;
						DevelopmentTeam = 9CM97LSRXH;
						ProvisioningStyle = Automatic;
					};
				};
			};
			buildConfigurationList = 92B4B8781DBE1D1A00FB8AAC /* Build configuration list for PBXProject "PropertyListDemo" */;
			compatibilityVersion = "Xcode 3.2";
			developmentRegion = English;
			hasScannedForEncodings = 0;
			knownRegions = (
				en,
				Base,
			);
			mainGroup = 92B4B8741DBE1D1A00FB8AAC;
			productRefGroup = 92B4B87E1DBE1D1A00FB8AAC /* Products */;
			projectDirPath = "";
			projectRoot = "";
			targets = (
				92B4B87C1DBE1D1A00FB8AAC /* PropertyListDemo */,
			);
		};
/* End PBXProject section */

/* Begin PBXResourcesBuildPhase section */
		92B4B87B1DBE1D1A00FB8AAC /* Resources */ = {
			isa = PBXResourcesBuildPhase;
			buildActionMask = 2147483647;
			files = (
				92B4B88B1DBE1D1A00FB8AAC /* LaunchScreen.storyboard in Resources */,
				92B4B8881DBE1D1A00FB8AAC /* Assets.xcassets in Resources */,
				92B4B8861DBE1D1A00FB8AAC /* Main.storyboard in Resources */,
			);
			runOnlyForDeploymentPostprocessing = 0;
		};
/* End PBXResourcesBuildPhase section */

/* Begin PBXSourcesBuildPhase section */
		92B4B8791DBE1D1A00FB8AAC /* Sources */ = {
			isa = PBXSourcesBuildPhase;
			buildActionMask = 2147483647;
			files = (
				92B4B8831DBE1D1A00FB8AAC /* ViewController.swift in Sources */,
				92B4B8811DBE1D1A00FB8AAC /* AppDelegate.swift in Sources */,
			);
			runOnlyForDeploymentPostprocessing = 0;
		};
/* End PBXSourcesBuildPhase section */

/* Begin PBXVariantGroup section */
		92B4B8841DBE1D1A00FB8AAC /* Main.storyboard */ = {
			isa = PBXVariantGroup;
			children = (
				92B4B8851DBE1D1A00FB8AAC /* Base */,
			);
			name = Main.storyboard;
			sourceTree = "<group>";
		};
		92B4B8891DBE1D1A00FB8AAC /* LaunchScreen.storyboard */ = {
			isa = PBXVariantGroup;
			children = (
				92B4B88A1DBE1D1A00FB8AAC /* Base */,
			);
			name = LaunchScreen.storyboard;
			sourceTree = "<group>";
		};
/* End PBXVariantGroup section */

/* Begin XCBuildConfiguration section */
		92B4B88D1DBE1D1A00FB8AAC /* Debug */ = {
			isa = XCBuildConfiguration;
			buildSettings = {
				ALWAYS_SEARCH_USER_PATHS = NO;
				CLANG_ANALYZER_NONNULL = YES;
				CLANG_CXX_LANGUAGE_STANDARD = "gnu++0x";
				CLANG_CXX_LIBRARY = "libc++";
				CLANG_ENABLE_MODULES = YES;
				CLANG_ENABLE_OBJC_ARC = YES;
				CLANG_WARN_BOOL_CONVERSION = YES;
				CLANG_WARN_CONSTANT_CONVERSION = YES;
				CLANG_WARN_DIRECT_OBJC_ISA_USAGE = YES_ERROR;
				CLANG_WARN_DOCUMENTATION_COMMENTS = YES;
				CLANG_WARN_EMPTY_BODY = YES;
				CLANG_WARN_ENUM_CONVERSION = YES;
				CLANG_WARN_INFINITE_RECURSION = YES;
				CLANG_WARN_INT_CONVERSION = YES;
				CLANG_WARN_OBJC_ROOT_CLASS = YES_ERROR;
				CLANG_WARN_SUSPICIOUS_MOVES = YES;
				CLANG_WARN_UNREACHABLE_CODE = YES;
				CLANG_WARN__DUPLICATE_METHOD_MATCH = YES;
				"CODE_SIGN_IDENTITY[sdk=iphoneos*]" = "iPhone Developer";
				COPY_PHASE_STRIP = NO;
				DEBUG_INFORMATION_FORMAT = dwarf;
				ENABLE_STRICT_OBJC_MSGSEND = YES;
				ENABLE_TESTABILITY = YES;
				GCC_C_LANGUAGE_STANDARD = gnu99;
				GCC_DYNAMIC_NO_PIC = NO;
				GCC_NO_COMMON_BLOCKS = YES;
				GCC_OPTIMIZATION_LEVEL = 0;
				GCC_PREPROCESSOR_DEFINITIONS = (
					"DEBUG=1",
					"$(inherited)",
				);
				GCC_WARN_64_TO_32_BIT_CONVERSION = YES;
				GCC_WARN_ABOUT_RETURN_TYPE = YES_ERROR;
				GCC_WARN_UNDECLARED_SELECTOR = YES;
				GCC_WARN_UNINITIALIZED_AUTOS = YES_AGGRESSIVE;
				GCC_WARN_UNUSED_FUNCTION = YES;
				GCC_WARN_UNUSED_VARIABLE = YES;
				IPHONEOS_DEPLOYMENT_TARGET = 10.0;
				MTL_ENABLE_DEBUG_INFO = YES;
				ONLY_ACTIVE_ARCH = YES;
				SDKROOT = iphoneos;
				SWIFT_ACTIVE_COMPILATION_CONDITIONS = DEBUG;
				SWIFT_OPTIMIZATION_LEVEL = "-Onone";
			};
			name = Debug;
		};
		92B4B88E1DBE1D1A00FB8AAC /* Release */ = {
			isa = XCBuildConfiguration;
			buildSettings = {
				ALWAYS_SEARCH_USER_PATHS = NO;
				CLANG_ANALYZER_NONNULL = YES;
				CLANG_CXX_LANGUAGE_STANDARD = "gnu++0x";
				CLANG_CXX_LIBRARY = "libc++";
				CLANG_ENABLE_MODULES = YES;
				CLANG_ENABLE_OBJC_ARC = YES;
				CLANG_WARN_BOOL_CONVERSION = YES;
				CLANG_WARN_CONSTANT_CONVERSION = YES;
				CLANG_WARN_DIRECT_OBJC_ISA_USAGE = YES_ERROR;
				CLANG_WARN_DOCUMENTATION_COMMENTS = YES;
				CLANG_WARN_EMPTY_BODY = YES;
				CLANG_WARN_ENUM_CONVERSION = YES;
				CLANG_WARN_INFINITE_RECURSION = YES;
				CLANG_WARN_INT_CONVERSION = YES;
				CLANG_WARN_OBJC_ROOT_CLASS = YES_ERROR;
				CLANG_WARN_SUSPICIOUS_MOVES = YES;
				CLANG_WARN_UNREACHABLE_CODE = YES;
				CLANG_WARN__DUPLICATE_METHOD_MATCH = YES;
				"CODE_SIGN_IDENTITY[sdk=iphoneos*]" = "iPhone Developer";
				COPY_PHASE_STRIP = NO;
				DEBUG_INFORMATION_FORMAT = "dwarf-with-dsym";
				ENABLE_NS_ASSERTIONS = NO;
				ENABLE_STRICT_OBJC_MSGSEND = YES;
				GCC_C_LANGUAGE_STANDARD = gnu99;
				GCC_NO_COMMON_BLOCKS = YES;
				GCC_WARN_64_TO_32_BIT_CONVERSION = YES;
				GCC_WARN_ABOUT_RETURN_TYPE = YES_ERROR;
				GCC_WARN_UNDECLARED_SELECTOR = YES;
				GCC_WARN_UNINITIALIZED_AUTOS = YES_AGGRESSIVE;
				GCC_WARN_UNUSED_FUNCTION = YES;
				GCC_WARN_UNUSED_VARIABLE = YES;
				IPHONEOS_DEPLOYMENT_TARGET = 10.0;
				MTL_ENABLE_DEBUG_INFO = NO;
				SDKROOT = iphoneos;
				SWIFT_OPTIMIZATION_LEVEL = "-Owholemodule";
				VALIDATE_PRODUCT = YES;
			};
			name = Release;
		};
		92B4B8901DBE1D1A00FB8AAC /* Debug */ = {
			isa = XCBuildConfiguration;
			buildSettings = {
				ASSETCATALOG_COMPILER_APPICON_NAME = AppIcon;
				DEVELOPMENT_TEAM = 9CM97LSRXH;
				INFOPLIST_FILE = PropertyListDemo/Info.plist;
				LD_RUNPATH_SEARCH_PATHS = "$(inherited) @executable_path/Frameworks";
				PRODUCT_BUNDLE_IDENTIFIER = pl.edu.agh.kis.PropertyListDemo;
				PRODUCT_NAME = "$(TARGET_NAME)";
				SWIFT_VERSION = 3.0;
			};
			name = Debug;
		};
		92B4B8911DBE1D1A00FB8AAC /* Release */ = {
			isa = XCBuildConfiguration;
			buildSettings = {
				ASSETCATALOG_COMPILER_APPICON_NAME = AppIcon;
				DEVELOPMENT_TEAM = 9CM97LSRXH;
				INFOPLIST_FILE = PropertyListDemo/Info.plist;
				LD_RUNPATH_SEARCH_PATHS = "$(inherited) @executable_path/Frameworks";
				PRODUCT_BUNDLE_IDENTIFIER = pl.edu.agh.kis.PropertyListDemo;
				PRODUCT_NAME = "$(TARGET_NAME)";
				SWIFT_VERSION = 3.0;
			};
			name = Release;
		};
/* End XCBuildConfiguration section */

/* Begin XCConfigurationList section */
		92B4B8781DBE1D1A00FB8AAC /* Build configuration list for PBXProject "PropertyListDemo" */ = {
			isa = XCConfigurationList;
			buildConfigurations = (
				92B4B88D1DBE1D1A00FB8AAC /* Debug */,
				92B4B88E1DBE1D1A00FB8AAC /* Release */,
			);
			defaultConfigurationIsVisible = 0;
			defaultConfigurationName = Release;
		};
		92B4B88F1DBE1D1A00FB8AAC /* Build configuration list for PBXNativeTarget "PropertyListDemo" */ = {
			isa = XCConfigurationList;
			buildConfigurations = (
				92B4B8901DBE1D1A00FB8AAC /* Debug */,
				92B4B8911DBE1D1A00FB8AAC /* Release */,
			);
			defaultConfigurationIsVisible = 0;
		};
/* End XCConfigurationList section */
	};
	rootObject = 92B4B8751DBE1D1A00FB8AAC /* Project object */;
}
